// !$*UTF8*$!
{
	archiveVersion = 1;
	classes = {
	};
	objectVersion = 55;
	objects = {

/* Begin PBXBuildFile section */
		032C27A9278F42BD00EE3136 /* alertTextField.swift in Sources */ = {isa = PBXBuildFile; fileRef = 032C27A8278F42BD00EE3136 /* alertTextField.swift */; };
		03D85410279EF0D800D78268 /* NewPayment.swift in Sources */ = {isa = PBXBuildFile; fileRef = 03D8540F279EF0D800D78268 /* NewPayment.swift */; };
		A348C65F278F385C00DF9267 /* AmoritizationRowView.swift in Sources */ = {isa = PBXBuildFile; fileRef = A348C65E278F385C00DF9267 /* AmoritizationRowView.swift */; };
		A348C661278F3AB700DF9267 /* AmoritizationView.swift in Sources */ = {isa = PBXBuildFile; fileRef = A348C660278F3AB700DF9267 /* AmoritizationView.swift */; };
		A37FD5E7278DDBEA0035212C /* ListOfLoansView.swift in Sources */ = {isa = PBXBuildFile; fileRef = A37FD5E6278DDBEA0035212C /* ListOfLoansView.swift */; };
		A37FD5E9278DDBFE0035212C /* LoanRowView.swift in Sources */ = {isa = PBXBuildFile; fileRef = A37FD5E8278DDBFE0035212C /* LoanRowView.swift */; };
		A37FD5EC278DE5F00035212C /* LoanController.swift in Sources */ = {isa = PBXBuildFile; fileRef = A37FD5EB278DE5F00035212C /* LoanController.swift */; };
		A3965C97278C89890034F518 /* AmortizationRow.swift in Sources */ = {isa = PBXBuildFile; fileRef = A3965C96278C89890034F518 /* AmortizationRow.swift */; };
		A3965C99278C89970034F518 /* Loan.swift in Sources */ = {isa = PBXBuildFile; fileRef = A3965C98278C89970034F518 /* Loan.swift */; };
		A3F4F726278743980010CE9F /* InterestCalculatorApp.swift in Sources */ = {isa = PBXBuildFile; fileRef = A3F4F725278743980010CE9F /* InterestCalculatorApp.swift */; };
		A3F4F728278743980010CE9F /* LoanCalculator.swift in Sources */ = {isa = PBXBuildFile; fileRef = A3F4F727278743980010CE9F /* LoanCalculator.swift */; };
		A3F4F72A278743980010CE9F /* Assets.xcassets in Resources */ = {isa = PBXBuildFile; fileRef = A3F4F729278743980010CE9F /* Assets.xcassets */; };
		A3F4F72D278743980010CE9F /* Preview Assets.xcassets in Resources */ = {isa = PBXBuildFile; fileRef = A3F4F72C278743980010CE9F /* Preview Assets.xcassets */; };
		E8C099AD8E188F8529E297D4 /* Pods_InterestCalculator.framework in Frameworks */ = {isa = PBXBuildFile; fileRef = 0E231E5B422DAD152BA6100F /* Pods_InterestCalculator.framework */; };
/* End PBXBuildFile section */

/* Begin PBXFileReference section */
		032C27A8278F42BD00EE3136 /* alertTextField.swift */ = {isa = PBXFileReference; lastKnownFileType = sourcecode.swift; path = alertTextField.swift; sourceTree = "<group>"; };
		03D8540F279EF0D800D78268 /* NewPayment.swift */ = {isa = PBXFileReference; lastKnownFileType = sourcecode.swift; path = NewPayment.swift; sourceTree = "<group>"; };
		0E231E5B422DAD152BA6100F /* Pods_InterestCalculator.framework */ = {isa = PBXFileReference; explicitFileType = wrapper.framework; includeInIndex = 0; path = Pods_InterestCalculator.framework; sourceTree = BUILT_PRODUCTS_DIR; };
		444271029D031ACCE9802C7E /* Pods-InterestCalculator.release.xcconfig */ = {isa = PBXFileReference; includeInIndex = 1; lastKnownFileType = text.xcconfig; name = "Pods-InterestCalculator.release.xcconfig"; path = "Target Support Files/Pods-InterestCalculator/Pods-InterestCalculator.release.xcconfig"; sourceTree = "<group>"; };
		8BE78F7F92F3CAE7BC270CB2 /* Pods-InterestCalculator.debug.xcconfig */ = {isa = PBXFileReference; includeInIndex = 1; lastKnownFileType = text.xcconfig; name = "Pods-InterestCalculator.debug.xcconfig"; path = "Target Support Files/Pods-InterestCalculator/Pods-InterestCalculator.debug.xcconfig"; sourceTree = "<group>"; };
		A348C65E278F385C00DF9267 /* AmoritizationRowView.swift */ = {isa = PBXFileReference; lastKnownFileType = sourcecode.swift; path = AmoritizationRowView.swift; sourceTree = "<group>"; };
		A348C660278F3AB700DF9267 /* AmoritizationView.swift */ = {isa = PBXFileReference; lastKnownFileType = sourcecode.swift; path = AmoritizationView.swift; sourceTree = "<group>"; };
		A37FD5E6278DDBEA0035212C /* ListOfLoansView.swift */ = {isa = PBXFileReference; lastKnownFileType = sourcecode.swift; path = ListOfLoansView.swift; sourceTree = "<group>"; };
		A37FD5E8278DDBFE0035212C /* LoanRowView.swift */ = {isa = PBXFileReference; lastKnownFileType = sourcecode.swift; path = LoanRowView.swift; sourceTree = "<group>"; };
		A37FD5EB278DE5F00035212C /* LoanController.swift */ = {isa = PBXFileReference; lastKnownFileType = sourcecode.swift; path = LoanController.swift; sourceTree = "<group>"; };
		A3965C96278C89890034F518 /* AmortizationRow.swift */ = {isa = PBXFileReference; lastKnownFileType = sourcecode.swift; path = AmortizationRow.swift; sourceTree = "<group>"; };
		A3965C98278C89970034F518 /* Loan.swift */ = {isa = PBXFileReference; lastKnownFileType = sourcecode.swift; path = Loan.swift; sourceTree = "<group>"; };
		A3F4F722278743980010CE9F /* InterestCalculator.app */ = {isa = PBXFileReference; explicitFileType = wrapper.application; includeInIndex = 0; path = InterestCalculator.app; sourceTree = BUILT_PRODUCTS_DIR; };
		A3F4F725278743980010CE9F /* InterestCalculatorApp.swift */ = {isa = PBXFileReference; lastKnownFileType = sourcecode.swift; path = InterestCalculatorApp.swift; sourceTree = "<group>"; };
		A3F4F727278743980010CE9F /* LoanCalculator.swift */ = {isa = PBXFileReference; lastKnownFileType = sourcecode.swift; path = LoanCalculator.swift; sourceTree = "<group>"; };
		A3F4F729278743980010CE9F /* Assets.xcassets */ = {isa = PBXFileReference; lastKnownFileType = folder.assetcatalog; path = Assets.xcassets; sourceTree = "<group>"; };
		A3F4F72C278743980010CE9F /* Preview Assets.xcassets */ = {isa = PBXFileReference; lastKnownFileType = folder.assetcatalog; path = "Preview Assets.xcassets"; sourceTree = "<group>"; };
/* End PBXFileReference section */

/* Begin PBXFrameworksBuildPhase section */
		A3F4F71F278743980010CE9F /* Frameworks */ = {
			isa = PBXFrameworksBuildPhase;
			buildActionMask = 2147483647;
			files = (
				E8C099AD8E188F8529E297D4 /* Pods_InterestCalculator.framework in Frameworks */,
			);
			runOnlyForDeploymentPostprocessing = 0;
		};
/* End PBXFrameworksBuildPhase section */

/* Begin PBXGroup section */
		4F629A5742E1D3A53A042A55 /* Pods */ = {
			isa = PBXGroup;
			children = (
				8BE78F7F92F3CAE7BC270CB2 /* Pods-InterestCalculator.debug.xcconfig */,
				444271029D031ACCE9802C7E /* Pods-InterestCalculator.release.xcconfig */,
			);
			path = Pods;
			sourceTree = "<group>";
		};
		52B1B6243F477BACC2095AF1 /* Frameworks */ = {
			isa = PBXGroup;
			children = (
				0E231E5B422DAD152BA6100F /* Pods_InterestCalculator.framework */,
			);
			name = Frameworks;
			sourceTree = "<group>";
		};
		A348C65D278F381A00DF9267 /* AmortizationViews */ = {
			isa = PBXGroup;
			children = (
				A348C65E278F385C00DF9267 /* AmoritizationRowView.swift */,
				A348C660278F3AB700DF9267 /* AmoritizationView.swift */,
			);
			path = AmortizationViews;
			sourceTree = "<group>";
		};
		A37FD5E5278DDB9D0035212C /* ListOfLoansViews */ = {
			isa = PBXGroup;
			children = (
				A37FD5E6278DDBEA0035212C /* ListOfLoansView.swift */,
				A37FD5E8278DDBFE0035212C /* LoanRowView.swift */,
			);
			path = ListOfLoansViews;
			sourceTree = "<group>";
		};
		A37FD5EA278DE5DB0035212C /* Controllers */ = {
			isa = PBXGroup;
			children = (
				A37FD5EB278DE5F00035212C /* LoanController.swift */,
			);
			path = Controllers;
			sourceTree = "<group>";
		};
		A3965C95278C89540034F518 /* Model */ = {
			isa = PBXGroup;
			children = (
				A3965C96278C89890034F518 /* AmortizationRow.swift */,
				A3965C98278C89970034F518 /* Loan.swift */,
			);
			path = Model;
			sourceTree = "<group>";
		};
		A3F4F719278743980010CE9F = {
			isa = PBXGroup;
			children = (
				A3F4F724278743980010CE9F /* InterestCalculator */,
				A3F4F723278743980010CE9F /* Products */,
				4F629A5742E1D3A53A042A55 /* Pods */,
				52B1B6243F477BACC2095AF1 /* Frameworks */,
			);
			sourceTree = "<group>";
		};
		A3F4F723278743980010CE9F /* Products */ = {
			isa = PBXGroup;
			children = (
				A3F4F722278743980010CE9F /* InterestCalculator.app */,
			);
			name = Products;
			sourceTree = "<group>";
		};
		A3F4F724278743980010CE9F /* InterestCalculator */ = {
			isa = PBXGroup;
			children = (
				A348C65D278F381A00DF9267 /* AmortizationViews */,
				A37FD5EA278DE5DB0035212C /* Controllers */,
				A37FD5E5278DDB9D0035212C /* ListOfLoansViews */,
				A3965C95278C89540034F518 /* Model */,
				A3F4F725278743980010CE9F /* InterestCalculatorApp.swift */,
				03D8540F279EF0D800D78268 /* NewPayment.swift */,
				A3F4F727278743980010CE9F /* LoanCalculator.swift */,
				032C27A8278F42BD00EE3136 /* alertTextField.swift */,
				A3F4F729278743980010CE9F /* Assets.xcassets */,
				A3F4F72B278743980010CE9F /* Preview Content */,
			);
			path = InterestCalculator;
			sourceTree = "<group>";
		};
		A3F4F72B278743980010CE9F /* Preview Content */ = {
			isa = PBXGroup;
			children = (
				A3F4F72C278743980010CE9F /* Preview Assets.xcassets */,
			);
			path = "Preview Content";
			sourceTree = "<group>";
		};
/* End PBXGroup section */

/* Begin PBXNativeTarget section */
		A3F4F721278743980010CE9F /* InterestCalculator */ = {
			isa = PBXNativeTarget;
			buildConfigurationList = A3F4F730278743980010CE9F /* Build configuration list for PBXNativeTarget "InterestCalculator" */;
			buildPhases = (
				26DFE1B3D68B58A0AE065FC2 /* [CP] Check Pods Manifest.lock */,
				A3F4F71E278743980010CE9F /* Sources */,
				A3F4F71F278743980010CE9F /* Frameworks */,
				A3F4F720278743980010CE9F /* Resources */,
				49371B9156AC1872FEA61C55 /* [CP] Embed Pods Frameworks */,
			);
			buildRules = (
			);
			dependencies = (
			);
			name = InterestCalculator;
			productName = InterestCalculator;
			productReference = A3F4F722278743980010CE9F /* InterestCalculator.app */;
			productType = "com.apple.product-type.application";
		};
/* End PBXNativeTarget section */

/* Begin PBXProject section */
		A3F4F71A278743980010CE9F /* Project object */ = {
			isa = PBXProject;
			attributes = {
				BuildIndependentTargetsInParallel = 1;
				LastSwiftUpdateCheck = 1310;
				LastUpgradeCheck = 1310;
				TargetAttributes = {
					A3F4F721278743980010CE9F = {
						CreatedOnToolsVersion = 13.1;
					};
				};
			};
			buildConfigurationList = A3F4F71D278743980010CE9F /* Build configuration list for PBXProject "InterestCalculator" */;
			compatibilityVersion = "Xcode 13.0";
			developmentRegion = en;
			hasScannedForEncodings = 0;
			knownRegions = (
				en,
				Base,
			);
			mainGroup = A3F4F719278743980010CE9F;
			productRefGroup = A3F4F723278743980010CE9F /* Products */;
			projectDirPath = "";
			projectRoot = "";
			targets = (
				A3F4F721278743980010CE9F /* InterestCalculator */,
			);
		};
/* End PBXProject section */

/* Begin PBXResourcesBuildPhase section */
		A3F4F720278743980010CE9F /* Resources */ = {
			isa = PBXResourcesBuildPhase;
			buildActionMask = 2147483647;
			files = (
				A3F4F72D278743980010CE9F /* Preview Assets.xcassets in Resources */,
				A3F4F72A278743980010CE9F /* Assets.xcassets in Resources */,
			);
			runOnlyForDeploymentPostprocessing = 0;
		};
/* End PBXResourcesBuildPhase section */

/* Begin PBXShellScriptBuildPhase section */
		26DFE1B3D68B58A0AE065FC2 /* [CP] Check Pods Manifest.lock */ = {
			isa = PBXShellScriptBuildPhase;
			buildActionMask = 2147483647;
			files = (
			);
			inputFileListPaths = (
			);
			inputPaths = (
				"${PODS_PODFILE_DIR_PATH}/Podfile.lock",
				"${PODS_ROOT}/Manifest.lock",
			);
			name = "[CP] Check Pods Manifest.lock";
			outputFileListPaths = (
			);
			outputPaths = (
				"$(DERIVED_FILE_DIR)/Pods-InterestCalculator-checkManifestLockResult.txt",
			);
			runOnlyForDeploymentPostprocessing = 0;
			shellPath = /bin/sh;
			shellScript = "diff \"${PODS_PODFILE_DIR_PATH}/Podfile.lock\" \"${PODS_ROOT}/Manifest.lock\" > /dev/null\nif [ $? != 0 ] ; then\n    # print error to STDERR\n    echo \"error: The sandbox is not in sync with the Podfile.lock. Run 'pod install' or update your CocoaPods installation.\" >&2\n    exit 1\nfi\n# This output is used by Xcode 'outputs' to avoid re-running this script phase.\necho \"SUCCESS\" > \"${SCRIPT_OUTPUT_FILE_0}\"\n";
			showEnvVarsInLog = 0;
		};
		49371B9156AC1872FEA61C55 /* [CP] Embed Pods Frameworks */ = {
			isa = PBXShellScriptBuildPhase;
			buildActionMask = 2147483647;
			files = (
			);
			inputFileListPaths = (
				"${PODS_ROOT}/Target Support Files/Pods-InterestCalculator/Pods-InterestCalculator-frameworks-${CONFIGURATION}-input-files.xcfilelist",
			);
			name = "[CP] Embed Pods Frameworks";
			outputFileListPaths = (
				"${PODS_ROOT}/Target Support Files/Pods-InterestCalculator/Pods-InterestCalculator-frameworks-${CONFIGURATION}-output-files.xcfilelist",
			);
			runOnlyForDeploymentPostprocessing = 0;
			shellPath = /bin/sh;
			shellScript = "\"${PODS_ROOT}/Target Support Files/Pods-InterestCalculator/Pods-InterestCalculator-frameworks.sh\"\n";
			showEnvVarsInLog = 0;
		};
/* End PBXShellScriptBuildPhase section */

/* Begin PBXSourcesBuildPhase section */
		A3F4F71E278743980010CE9F /* Sources */ = {
			isa = PBXSourcesBuildPhase;
			buildActionMask = 2147483647;
			files = (
				A3F4F728278743980010CE9F /* LoanCalculator.swift in Sources */,
				032C27A9278F42BD00EE3136 /* alertTextField.swift in Sources */,
				A37FD5E7278DDBEA0035212C /* ListOfLoansView.swift in Sources */,
				03D85410279EF0D800D78268 /* NewPayment.swift in Sources */,
				A348C661278F3AB700DF9267 /* AmoritizationView.swift in Sources */,
				A348C65F278F385C00DF9267 /* AmoritizationRowView.swift in Sources */,
				A3F4F726278743980010CE9F /* InterestCalculatorApp.swift in Sources */,
				A3965C97278C89890034F518 /* AmortizationRow.swift in Sources */,
				A3965C99278C89970034F518 /* Loan.swift in Sources */,
				A37FD5E9278DDBFE0035212C /* LoanRowView.swift in Sources */,
				A37FD5EC278DE5F00035212C /* LoanController.swift in Sources */,
			);
			runOnlyForDeploymentPostprocessing = 0;
		};
/* End PBXSourcesBuildPhase section */

/* Begin XCBuildConfiguration section */
		A3F4F72E278743980010CE9F /* Debug */ = {
			isa = XCBuildConfiguration;
			buildSettings = {
				ALWAYS_SEARCH_USER_PATHS = NO;
				CLANG_ANALYZER_NONNULL = YES;
				CLANG_ANALYZER_NUMBER_OBJECT_CONVERSION = YES_AGGRESSIVE;
				CLANG_CXX_LANGUAGE_STANDARD = "gnu++17";
				CLANG_CXX_LIBRARY = "libc++";
				CLANG_ENABLE_MODULES = YES;
				CLANG_ENABLE_OBJC_ARC = YES;
				CLANG_ENABLE_OBJC_WEAK = YES;
				CLANG_WARN_BLOCK_CAPTURE_AUTORELEASING = YES;
				CLANG_WARN_BOOL_CONVERSION = YES;
				CLANG_WARN_COMMA = YES;
				CLANG_WARN_CONSTANT_CONVERSION = YES;
				CLANG_WARN_DEPRECATED_OBJC_IMPLEMENTATIONS = YES;
				CLANG_WARN_DIRECT_OBJC_ISA_USAGE = YES_ERROR;
				CLANG_WARN_DOCUMENTATION_COMMENTS = YES;
				CLANG_WARN_EMPTY_BODY = YES;
				CLANG_WARN_ENUM_CONVERSION = YES;
				CLANG_WARN_INFINITE_RECURSION = YES;
				CLANG_WARN_INT_CONVERSION = YES;
				CLANG_WARN_NON_LITERAL_NULL_CONVERSION = YES;
				CLANG_WARN_OBJC_IMPLICIT_RETAIN_SELF = YES;
				CLANG_WARN_OBJC_LITERAL_CONVERSION = YES;
				CLANG_WARN_OBJC_ROOT_CLASS = YES_ERROR;
				CLANG_WARN_QUOTED_INCLUDE_IN_FRAMEWORK_HEADER = YES;
				CLANG_WARN_RANGE_LOOP_ANALYSIS = YES;
				CLANG_WARN_STRICT_PROTOTYPES = YES;
				CLANG_WARN_SUSPICIOUS_MOVE = YES;
				CLANG_WARN_UNGUARDED_AVAILABILITY = YES_AGGRESSIVE;
				CLANG_WARN_UNREACHABLE_CODE = YES;
				CLANG_WARN__DUPLICATE_METHOD_MATCH = YES;
				COPY_PHASE_STRIP = NO;
				DEBUG_INFORMATION_FORMAT = dwarf;
				ENABLE_STRICT_OBJC_MSGSEND = YES;
				ENABLE_TESTABILITY = YES;
				GCC_C_LANGUAGE_STANDARD = gnu11;
				GCC_DYNAMIC_NO_PIC = NO;
				GCC_NO_COMMON_BLOCKS = YES;
				GCC_OPTIMIZATION_LEVEL = 0;
				GCC_PREPROCESSOR_DEFINITIONS = (
					"DEBUG=1",
					"$(inherited)",
				);
				GCC_WARN_64_TO_32_BIT_CONVERSION = YES;
				GCC_WARN_ABOUT_RETURN_TYPE = YES_ERROR;
				GCC_WARN_UNDECLARED_SELECTOR = YES;
				GCC_WARN_UNINITIALIZED_AUTOS = YES_AGGRESSIVE;
				GCC_WARN_UNUSED_FUNCTION = YES;
				GCC_WARN_UNUSED_VARIABLE = YES;
				IPHONEOS_DEPLOYMENT_TARGET = 15.0;
				MTL_ENABLE_DEBUG_INFO = INCLUDE_SOURCE;
				MTL_FAST_MATH = YES;
				ONLY_ACTIVE_ARCH = YES;
				SDKROOT = iphoneos;
				SWIFT_ACTIVE_COMPILATION_CONDITIONS = DEBUG;
				SWIFT_OPTIMIZATION_LEVEL = "-Onone";
			};
			name = Debug;
		};
		A3F4F72F278743980010CE9F /* Release */ = {
			isa = XCBuildConfiguration;
			buildSettings = {
				ALWAYS_SEARCH_USER_PATHS = NO;
				CLANG_ANALYZER_NONNULL = YES;
				CLANG_ANALYZER_NUMBER_OBJECT_CONVERSION = YES_AGGRESSIVE;
				CLANG_CXX_LANGUAGE_STANDARD = "gnu++17";
				CLANG_CXX_LIBRARY = "libc++";
				CLANG_ENABLE_MODULES = YES;
				CLANG_ENABLE_OBJC_ARC = YES;
				CLANG_ENABLE_OBJC_WEAK = YES;
				CLANG_WARN_BLOCK_CAPTURE_AUTORELEASING = YES;
				CLANG_WARN_BOOL_CONVERSION = YES;
				CLANG_WARN_COMMA = YES;
				CLANG_WARN_CONSTANT_CONVERSION = YES;
				CLANG_WARN_DEPRECATED_OBJC_IMPLEMENTATIONS = YES;
				CLANG_WARN_DIRECT_OBJC_ISA_USAGE = YES_ERROR;
				CLANG_WARN_DOCUMENTATION_COMMENTS = YES;
				CLANG_WARN_EMPTY_BODY = YES;
				CLANG_WARN_ENUM_CONVERSION = YES;
				CLANG_WARN_INFINITE_RECURSION = YES;
				CLANG_WARN_INT_CONVERSION = YES;
				CLANG_WARN_NON_LITERAL_NULL_CONVERSION = YES;
				CLANG_WARN_OBJC_IMPLICIT_RETAIN_SELF = YES;
				CLANG_WARN_OBJC_LITERAL_CONVERSION = YES;
				CLANG_WARN_OBJC_ROOT_CLASS = YES_ERROR;
				CLANG_WARN_QUOTED_INCLUDE_IN_FRAMEWORK_HEADER = YES;
				CLANG_WARN_RANGE_LOOP_ANALYSIS = YES;
				CLANG_WARN_STRICT_PROTOTYPES = YES;
				CLANG_WARN_SUSPICIOUS_MOVE = YES;
				CLANG_WARN_UNGUARDED_AVAILABILITY = YES_AGGRESSIVE;
				CLANG_WARN_UNREACHABLE_CODE = YES;
				CLANG_WARN__DUPLICATE_METHOD_MATCH = YES;
				COPY_PHASE_STRIP = NO;
				DEBUG_INFORMATION_FORMAT = "dwarf-with-dsym";
				ENABLE_NS_ASSERTIONS = NO;
				ENABLE_STRICT_OBJC_MSGSEND = YES;
				GCC_C_LANGUAGE_STANDARD = gnu11;
				GCC_NO_COMMON_BLOCKS = YES;
				GCC_WARN_64_TO_32_BIT_CONVERSION = YES;
				GCC_WARN_ABOUT_RETURN_TYPE = YES_ERROR;
				GCC_WARN_UNDECLARED_SELECTOR = YES;
				GCC_WARN_UNINITIALIZED_AUTOS = YES_AGGRESSIVE;
				GCC_WARN_UNUSED_FUNCTION = YES;
				GCC_WARN_UNUSED_VARIABLE = YES;
				IPHONEOS_DEPLOYMENT_TARGET = 15.0;
				MTL_ENABLE_DEBUG_INFO = NO;
				MTL_FAST_MATH = YES;
				SDKROOT = iphoneos;
				SWIFT_COMPILATION_MODE = wholemodule;
				SWIFT_OPTIMIZATION_LEVEL = "-O";
				VALIDATE_PRODUCT = YES;
			};
			name = Release;
		};
		A3F4F731278743980010CE9F /* Debug */ = {
			isa = XCBuildConfiguration;
			baseConfigurationReference = 8BE78F7F92F3CAE7BC270CB2 /* Pods-InterestCalculator.debug.xcconfig */;
			buildSettings = {
				ASSETCATALOG_COMPILER_APPICON_NAME = AppIcon;
				ASSETCATALOG_COMPILER_GLOBAL_ACCENT_COLOR_NAME = AccentColor;
				CODE_SIGN_STYLE = Automatic;
				CURRENT_PROJECT_VERSION = 1;
				DEVELOPMENT_ASSET_PATHS = "\"InterestCalculator/Preview Content\"";
				DEVELOPMENT_TEAM = 675SH673K8;
				ENABLE_PREVIEWS = YES;
				GENERATE_INFOPLIST_FILE = YES;
				INFOPLIST_KEY_UIApplicationSceneManifest_Generation = YES;
				INFOPLIST_KEY_UIApplicationSupportsIndirectInputEvents = YES;
				INFOPLIST_KEY_UILaunchScreen_Generation = YES;
				INFOPLIST_KEY_UISupportedInterfaceOrientations_iPad = "UIInterfaceOrientationPortrait UIInterfaceOrientationPortraitUpsideDown UIInterfaceOrientationLandscapeLeft UIInterfaceOrientationLandscapeRight";
				INFOPLIST_KEY_UISupportedInterfaceOrientations_iPhone = "UIInterfaceOrientationPortrait UIInterfaceOrientationLandscapeLeft UIInterfaceOrientationLandscapeRight";
				LD_RUNPATH_SEARCH_PATHS = (
					"$(inherited)",
					"@executable_path/Frameworks",
				);
				MARKETING_VERSION = 1.0;
				PRODUCT_BUNDLE_IDENTIFIER = com.braydenlemke.InterestCalculator;
				PRODUCT_NAME = "$(TARGET_NAME)";
				SWIFT_EMIT_LOC_STRINGS = YES;
				SWIFT_VERSION = 5.0;
				TARGETED_DEVICE_FAMILY = "1,2";
			};
			name = Debug;
		};
		A3F4F732278743980010CE9F /* Release */ = {
			isa = XCBuildConfiguration;
			baseConfigurationReference = 444271029D031ACCE9802C7E /* Pods-InterestCalculator.release.xcconfig */;
			buildSettings = {
				ASSETCATALOG_COMPILER_APPICON_NAME = AppIcon;
				ASSETCATALOG_COMPILER_GLOBAL_ACCENT_COLOR_NAME = AccentColor;
				CODE_SIGN_STYLE = Automatic;
				CURRENT_PROJECT_VERSION = 1;
				DEVELOPMENT_ASSET_PATHS = "\"InterestCalculator/Preview Content\"";
				DEVELOPMENT_TEAM = 675SH673K8;
				ENABLE_PREVIEWS = YES;
				GENERATE_INFOPLIST_FILE = YES;
				INFOPLIST_KEY_UIApplicationSceneManifest_Generation = YES;
				INFOPLIST_KEY_UIApplicationSupportsIndirectInputEvents = YES;
				INFOPLIST_KEY_UILaunchScreen_Generation = YES;
				INFOPLIST_KEY_UISupportedInterfaceOrientations_iPad = "UIInterfaceOrientationPortrait UIInterfaceOrientationPortraitUpsideDown UIInterfaceOrientationLandscapeLeft UIInterfaceOrientationLandscapeRight";
				INFOPLIST_KEY_UISupportedInterfaceOrientations_iPhone = "UIInterfaceOrientationPortrait UIInterfaceOrientationLandscapeLeft UIInterfaceOrientationLandscapeRight";
				LD_RUNPATH_SEARCH_PATHS = (
					"$(inherited)",
					"@executable_path/Frameworks",
				);
				MARKETING_VERSION = 1.0;
				PRODUCT_BUNDLE_IDENTIFIER = com.braydenlemke.InterestCalculator;
				PRODUCT_NAME = "$(TARGET_NAME)";
				SWIFT_EMIT_LOC_STRINGS = YES;
				SWIFT_VERSION = 5.0;
				TARGETED_DEVICE_FAMILY = "1,2";
			};
			name = Release;
		};
/* End XCBuildConfiguration section */

/* Begin XCConfigurationList section */
		A3F4F71D278743980010CE9F /* Build configuration list for PBXProject "InterestCalculator" */ = {
			isa = XCConfigurationList;
			buildConfigurations = (
				A3F4F72E278743980010CE9F /* Debug */,
				A3F4F72F278743980010CE9F /* Release */,
			);
			defaultConfigurationIsVisible = 0;
			defaultConfigurationName = Release;
		};
		A3F4F730278743980010CE9F /* Build configuration list for PBXNativeTarget "InterestCalculator" */ = {
			isa = XCConfigurationList;
			buildConfigurations = (
				A3F4F731278743980010CE9F /* Debug */,
				A3F4F732278743980010CE9F /* Release */,
			);
			defaultConfigurationIsVisible = 0;
			defaultConfigurationName = Release;
		};
/* End XCConfigurationList section */
	};
	rootObject = A3F4F71A278743980010CE9F /* Project object */;
}
